
Microsoft Visual Studio Solution File, Format Version 12.00
# Visual Studio 2013
VisualStudioVersion = 12.0.31101.0
MinimumVisualStudioVersion = 10.0.40219.1
Project("{8BC9CEB8-8B4A-11D0-8D11-00A0C91BC942}") = "cppsimp", "cppsimp\cppsimp.vcxproj", "{B36EDBD6-6E4E-4016-8D52-9908471C0EAB}"
EndProject
Project("{FAE04EC0-301F-11D3-BF4B-00C04F79EFBC}") = "test", "test\test.csproj", "{173B975E-DFD4-4FF7-9E29-AFC99FA458CA}"
EndProject
Project("{8BC9CEB8-8B4A-11D0-8D11-00A0C91BC942}") = "cpptest", "cpptest\cpptest.vcxproj", "{E575B68E-B16D-4B72-9571-0F6EDDAEFE9E}"
	ProjectSection(ProjectDependencies) = postProject
		{B36EDBD6-6E4E-4016-8D52-9908471C0EAB} = {B36EDBD6-6E4E-4016-8D52-9908471C0EAB}
	EndProjectSection
EndProject
Global
	GlobalSection(SolutionConfigurationPlatforms) = preSolution
		Debug|Win32 = Debug|Win32
		Release|Win32 = Release|Win32
	EndGlobalSection
	GlobalSection(ProjectConfigurationPlatforms) = postSolution
		{B36EDBD6-6E4E-4016-8D52-9908471C0EAB}.Debug|Win32.ActiveCfg = Debug|Win32
		{B36EDBD6-6E4E-4016-8D52-9908471C0EAB}.Debug|Win32.Build.0 = Debug|Win32
		{B36EDBD6-6E4E-4016-8D52-9908471C0EAB}.Release|Win32.ActiveCfg = Release|Win32
		{B36EDBD6-6E4E-4016-8D52-9908471C0EAB}.Release|Win32.Build.0 = Release|Win32
		{173B975E-DFD4-4FF7-9E29-AFC99FA458CA}.Debug|Win32.ActiveCfg = Debug|Any CPU
		{173B975E-DFD4-4FF7-9E29-AFC99FA458CA}.Debug|Win32.Build.0 = Debug|Any CPU
		{173B975E-DFD4-4FF7-9E29-AFC99FA458CA}.Release|Win32.ActiveCfg = Release|Any CPU
		{173B975E-DFD4-4FF7-9E29-AFC99FA458CA}.Release|Win32.Build.0 = Release|Any CPU
		{E575B68E-B16D-4B72-9571-0F6EDDAEFE9E}.Debug|Win32.ActiveCfg = Debug|Win32
		{E575B68E-B16D-4B72-9571-0F6EDDAEFE9E}.Debug|Win32.Build.0 = Debug|Win32
		{E575B68E-B16D-4B72-9571-0F6EDDAEFE9E}.Release|Win32.ActiveCfg = Release|Win32
		{E575B68E-B16D-4B72-9571-0F6EDDAEFE9E}.Release|Win32.Build.0 = Release|Win32
	EndGlobalSection
	GlobalSection(SolutionProperties) = preSolution
		HideSolutionNode = FALSE
	EndGlobalSection
EndGlobal
